
Microsoft Visual Studio Solution File, Format Version 12.00
# Visual Studio Version 17
VisualStudioVersion = 17.0.31903.59
MinimumVisualStudioVersion = 10.0.40219.1
Project("{8BC9CEB8-8B4A-11D0-8D11-00A0C91BC942}") = "SonarSweep", "SonarSweep\SonarSweep.vcxproj", "{639FC309-3907-4E41-9396-3E71DFA9A058}"
EndProject
Project("{8BC9CEB8-8B4A-11D0-8D11-00A0C91BC942}") = "Dive_Day02", "Dive_Day02\Dive_Day02.vcxproj", "{D0DE3D83-3AB3-47DC-BE54-D7263AD2BE17}"
EndProject
Project("{8BC9CEB8-8B4A-11D0-8D11-00A0C91BC942}") = "BinaryDiagnostic", "BinaryDiagnostic\BinaryDiagnostic.vcxproj", "{C6950ECF-EF28-4B7B-B09A-4FFDB3602497}"
EndProject
Global
	GlobalSection(SolutionConfigurationPlatforms) = preSolution
		Debug|x64 = Debug|x64
		Debug|x86 = Debug|x86
		Release|x64 = Release|x64
		Release|x86 = Release|x86
	EndGlobalSection
	GlobalSection(ProjectConfigurationPlatforms) = postSolution
		{639FC309-3907-4E41-9396-3E71DFA9A058}.Debug|x64.ActiveCfg = Debug|x64
		{639FC309-3907-4E41-9396-3E71DFA9A058}.Debug|x64.Build.0 = Debug|x64
		{639FC309-3907-4E41-9396-3E71DFA9A058}.Debug|x86.ActiveCfg = Debug|Win32
		{639FC309-3907-4E41-9396-3E71DFA9A058}.Debug|x86.Build.0 = Debug|Win32
		{639FC309-3907-4E41-9396-3E71DFA9A058}.Release|x64.ActiveCfg = Release|x64
		{639FC309-3907-4E41-9396-3E71DFA9A058}.Release|x64.Build.0 = Release|x64
		{639FC309-3907-4E41-9396-3E71DFA9A058}.Release|x86.ActiveCfg = Release|Win32
		{639FC309-3907-4E41-9396-3E71DFA9A058}.Release|x86.Build.0 = Release|Win32
		{D0DE3D83-3AB3-47DC-BE54-D7263AD2BE17}.Debug|x64.ActiveCfg = Debug|x64
		{D0DE3D83-3AB3-47DC-BE54-D7263AD2BE17}.Debug|x64.Build.0 = Debug|x64
		{D0DE3D83-3AB3-47DC-BE54-D7263AD2BE17}.Debug|x86.ActiveCfg = Debug|Win32
		{D0DE3D83-3AB3-47DC-BE54-D7263AD2BE17}.Debug|x86.Build.0 = Debug|Win32
		{D0DE3D83-3AB3-47DC-BE54-D7263AD2BE17}.Release|x64.ActiveCfg = Release|x64
		{D0DE3D83-3AB3-47DC-BE54-D7263AD2BE17}.Release|x64.Build.0 = Release|x64
		{D0DE3D83-3AB3-47DC-BE54-D7263AD2BE17}.Release|x86.ActiveCfg = Release|Win32
		{D0DE3D83-3AB3-47DC-BE54-D7263AD2BE17}.Release|x86.Build.0 = Release|Win32
		{C6950ECF-EF28-4B7B-B09A-4FFDB3602497}.Debug|x64.ActiveCfg = Debug|x64
		{C6950ECF-EF28-4B7B-B09A-4FFDB3602497}.Debug|x64.Build.0 = Debug|x64
		{C6950ECF-EF28-4B7B-B09A-4FFDB3602497}.Debug|x86.ActiveCfg = Debug|Win32
		{C6950ECF-EF28-4B7B-B09A-4FFDB3602497}.Debug|x86.Build.0 = Debug|Win32
		{C6950ECF-EF28-4B7B-B09A-4FFDB3602497}.Release|x64.ActiveCfg = Release|x64
		{C6950ECF-EF28-4B7B-B09A-4FFDB3602497}.Release|x64.Build.0 = Release|x64
		{C6950ECF-EF28-4B7B-B09A-4FFDB3602497}.Release|x86.ActiveCfg = Release|Win32
		{C6950ECF-EF28-4B7B-B09A-4FFDB3602497}.Release|x86.Build.0 = Release|Win32
	EndGlobalSection
	GlobalSection(SolutionProperties) = preSolution
		HideSolutionNode = FALSE
	EndGlobalSection
	GlobalSection(ExtensibilityGlobals) = postSolution
		SolutionGuid = {59580E23-A4DC-4700-9747-99BAB4D478E3}
	EndGlobalSection
EndGlobal
